{
  "name": "frontend",
  "lockfileVersion": 3,
  "requires": true,
  "packages": {
    "": {
      "dependencies": {
        "@rjsf/core": "^6.8.0",
        "@rjsf/utils": "^6.8.0",
        "@rjsf/validator-ajv8": "^6.8.0",
        "ajv": "^8.20.0"
      }
    },
    "node_modules/@rjsf/core": {
      "version": "6.8.0",
      "resolved": "https://registry.npmjs.org/@rjsf/core/-/core-6.8.0.tgz",
      "integrity": "sha512-HZ2e/l/QNcz8PTslBXyGWkiycMe3LgIfwgXo0qO3DPgyFKj4G+obJTKBq/W+DaIUmz1HicvH5WtOdXWWqK+gbA==",
      "license": "Apache-2.0",
      "dependencies": {
        "lodash": "^4.18.1",
        "lodash-es": "^4.18.1",
        "markdown-to-jsx": "^9.8.2",
        "prop-types": "^15.8.1"
      },
      "engines": {
        "node": ">=20"
      },
      "peerDependencies": {
        "@rjsf/utils": "^6.8.0",
        "react": ">=18"
      }
    },
    "node_modules/@rjsf/utils": {
      "version": "6.8.0",
      "resolved": "https://registry.npmjs.org/@rjsf/utils/-/utils-6.8.0.tgz",
      "integrity": "sha512-gHcqPFSHdOz29tZiLlzDvD+Gfq21zVIFBufprSYTiHpUdcVNJEK6+V5aw++FtQncHdDWnTf2YCky/e1Bol2NEQ==",
      "license": "Apache-2.0",
      "dependencies": {
        "@x0k/json-schema-merge": "^1.0.3",
        "fast-equals": "^6.0.0",
        "fast-uri": "^4.1.2",
        "jsonpointer": "^5.0.1",
        "lodash": "^4.18.1",
        "lodash-es": "^4.18.1",
        "react-is": "^18.3.1"
      },
      "engines": {
        "node": ">=20"
      },
      "peerDependencies": {
        "react": ">=18"
      }
    },
    "node_modules/@rjsf/validator-ajv8": {
      "version": "6.8.0",
      "resolved": "https://registry.npmjs.org/@rjsf/validator-ajv8/-/validator-ajv8-6.8.0.tgz",
      "integrity": "sha512-F36I952/miMFZzWSlupwFHbl+j+5bVQ3tR6HtBS+vXV10kY5dT3OwTjbFRo4fQM1KpqrUZC0t3/E5CZRX1o1jA==",
      "license": "Apache-2.0",
      "dependencies": {
        "ajv": "^8.20.0",
        "ajv-formats": "^2.1.1",
        "lodash": "^4.18.1",
        "lodash-es": "^4.18.1"
      },
      "engines": {
        "node": ">=20"
      },
      "peerDependencies": {
        "@rjsf/utils": "^6.8.0"
      }
    },
    "node_modules/@types/json-schema": {
      "version": "7.0.15",
      "resolved": "https://registry.npmjs.org/@types/json-schema/-/json-schema-7.0.15.tgz",
      "integrity": "sha512-5+fP8P8MFNC+AyZCDxrB2pkZFPGzqQWUzpSeuuVLvm8VMcorNYavBqoFcxK8bQz4Qsbn4oUEEem4wDLfcysGHA==",
      "license": "MIT"
    },
    "node_modules/@x0k/json-schema-merge": {
      "version": "1.0.4",
      "resolved": "https://registry.npmjs.org/@x0k/json-schema-merge/-/json-schema-merge-1.0.4.tgz",
      "integrity": "sha512-KvmMgAftbVzATq4IRnkno/SKSu+gjaR2ZUPJG5JUlY4W3twRJo03sk2914u8scmosibBZ0m7s6euZlJuqpv8Ww==",
      "license": "MIT",
      "dependencies": {
        "@types/json-schema": "^7.0.15"
      }
    },
    "node_modules/ajv": {
      "version": "8.20.0",
      "resolved": "https://registry.npmjs.org/ajv/-/ajv-8.20.0.tgz",
      "integrity": "sha512-Thbli+OlOj+iMPYFBVBfJ3OmCAnaSyNn4M1vz9T6Gka5Jt9ba/HIR56joy65tY6kx/FCF5VXNB819Y7/GUrBGA==",
      "license": "MIT",
      "dependencies": {
        "fast-deep-equal": "^3.1.3",
        "fast-uri": "^3.0.1",
        "json-schema-traverse": "^1.0.0",
        "require-from-string": "^2.0.2"
      },
      "funding": {
        "type": "github",
        "url": "https://github.com/sponsors/epoberezkin"
      }
    },
    "node_modules/ajv-formats": {
      "version": "2.1.1",
      "resolved": "https://registry.npmjs.org/ajv-formats/-/ajv-formats-2.1.1.tgz",
      "integrity": "sha512-Wx0Kx52hxE7C18hkMEggYlEifqWZtYaRgouJor+WMdPnQyEK13vgEWyVNup7SoeeoLMsr4kf5h6dOW11I15MUA==",
      "license": "MIT",
      "dependencies": {
        "ajv": "^8.0.0"
      },
      "peerDependencies": {
        "ajv": "^8.0.0"
      },
      "peerDependenciesMeta": {
        "ajv": {
          "optional": true
        }
      }
    },
    "node_modules/ajv/node_modules/fast-uri": {
      "version": "3.1.5",
      "resolved": "https://registry.npmjs.org/fast-uri/-/fast-uri-3.1.5.tgz",
      "integrity": "sha512-gHwA1O9LDIcKunMKhObS/HimwtehO1nPUECKAu5TpKgaO19fcWEl4bliWe1jWxVFvIXztJjjQ4L8XQ1EU9f7Jw==",
      "funding": [
        {
          "type": "github",
          "url": "https://github.com/sponsors/fastify"
        },
        {
          "type": "opencollective",
          "url": "https://opencollective.com/fastify"
        }
      ],
      "license": "BSD-3-Clause"
    },
    "node_modules/fast-deep-equal": {
      "version": "3.1.3",
      "resolved": "https://registry.npmjs.org/fast-deep-equal/-/fast-deep-equal-3.1.3.tgz",
      "integrity": "sha512-f3qQ9oQy9j2AhBe/H9VC91wLmKBCCU/gDOnKNAYG5hswO7BLKj09Hc5HYNz9cGI++xlpDCIgDaitVs03ATR84Q==",
      "license": "MIT"
    },
    "node_modules/fast-equals": {
      "version": "6.0.2",
      "resolved": "https://registry.npmjs.org/fast-equals/-/fast-equals-6.0.2.tgz",
      "integrity": "sha512-sAjhj9ZhOxYCGiNMnZLaucOqf5ZeFnHNoKoAZiD9thhJ0N8RP85qJK759/97C/3L7NzzmGVB5uiX9AUpySZmUQ==",
      "license": "MIT",
      "engines": {
        "node": ">=6.0.0"
      }
    },
    "node_modules/fast-uri": {
      "version": "4.1.2",
      "resolved": "https://registry.npmjs.org/fast-uri/-/fast-uri-4.1.2.tgz",
      "integrity": "sha512-TyGmBcbDTZXcb2cj5MV89DrF42DKvb3y5DDUNh95iO+IMeAzMkVSxK1PZRrRIpc9yg8U2GhGdbofNa0LS/a4Bw==",
      "funding": [
        {
          "type": "github",
          "url": "https://github.com/sponsors/fastify"
        },
        {
          "type": "opencollective",
          "url": "https://opencollective.com/fastify"
        }
      ],
      "license": "BSD-3-Clause"
    },
    "node_modules/js-tokens": {
      "version": "4.0.0",
      "resolved": "https://registry.npmjs.org/js-tokens/-/js-tokens-4.0.0.tgz",
      "integrity": "sha512-RdJUflcE3cUzKiMqQgsCu06FPu9UdIJO0beYbPhHN4k6apgJtifcoCtT9bcxOpYBtpD2kCM6Sbzg4CausW/PKQ==",
      "license": "MIT"
    },
    "node_modules/json-schema-traverse": {
      "version": "1.0.0",
      "resolved": "https://registry.npmjs.org/json-schema-traverse/-/json-schema-traverse-1.0.0.tgz",
      "integrity": "sha512-NM8/P9n3XjXhIZn1lLhkFaACTOURQXjWhV4BA/RnOv8xvgqtqpAX9IO4mRQxSx1Rlo4tqzeqb0sOlruaOy3dug==",
      "license": "MIT"
    },
    "node_modules/jsonpointer": {
      "version": "5.0.1",
      "resolved": "https://registry.npmjs.org/jsonpointer/-/jsonpointer-5.0.1.tgz",
      "integrity": "sha512-p/nXbhSEcu3pZRdkW1OfJhpsVtW1gd4Wa1fnQc9YLiTfAjn0312eMKimbdIQzuZl9aa9xUGaRlP9T/CJE/ditQ==",
      "license": "MIT",
      "engines": {
        "node": ">=0.10.0"
      }
    },
    "node_modules/lodash": {
      "version": "4.18.1",
      "resolved": "https://registry.npmjs.org/lodash/-/lodash-4.18.1.tgz",
      "integrity": "sha512-dMInicTPVE8d1e5otfwmmjlxkZoUpiVLwyeTdUsi/Caj/gfzzblBcCE5sRHV/AsjuCmxWrte2TNGSYuCeCq+0Q==",
      "license": "MIT"
    },
    "node_modules/lodash-es": {
      "version": "4.18.1",
      "resolved": "https://registry.npmjs.org/lodash-es/-/lodash-es-4.18.1.tgz",
      "integrity": "sha512-J8xewKD/Gk22OZbhpOVSwcs60zhd95ESDwezOFuA3/099925PdHJ7OFHNTGtajL3AlZkykD32HykiMo+BIBI8A==",
      "license": "MIT"
    },
    "node_modules/loose-envify": {
      "version": "1.4.0",
      "resolved": "https://registry.npmjs.org/loose-envify/-/loose-envify-1.4.0.tgz",
      "integrity": "sha512-lyuxPGr/Wfhrlem2CL/UcnUc1zcqKAImBDzukY7Y5F/yQiNdko6+fRLevlw1HgMySw7f611UIY408EtxRSoK3Q==",
      "license": "MIT",
      "dependencies": {
        "js-tokens": "^3.0.0 || ^4.0.0"
      },
      "bin": {
        "loose-envify": "cli.js"
      }
    },
    "node_modules/markdown-to-jsx": {
      "version": "9.10.2",
      "resolved": "https://registry.npmjs.org/markdown-to-jsx/-/markdown-to-jsx-9.10.2.tgz",
      "integrity": "sha512-iR9GadlIox0q1uXnpqdxpF02Vb1WDmZ/QIXWjBR5htzjUEEhyIWbM65LuVKavdwJaVo4q95C/F2OOyNjWe91ig==",
      "license": "MIT",
      "engines": {
        "node": ">= 18"
      },
      "peerDependencies": {
        "react": ">= 16.0.0",
        "solid-js": ">=1.0.0",
        "vue": ">=3.0.0"
      },
      "peerDependenciesMeta": {
        "react": {
          "optional": true
        },
        "react-native": {
          "optional": true
        },
        "solid-js": {
          "optional": true
        },
        "vue": {
          "optional": true
        }
      }
    },
    "node_modules/object-assign": {
      "version": "4.1.1",
      "resolved": "https://registry.npmjs.org/object-assign/-/object-assign-4.1.1.tgz",
      "integrity": "sha512-rJgTQnkUnH1sFw8yT6VSU3zD3sWmu6sZhIseY8VX+GRu3P6F7Fu+JNDoXfklElbLJSnc3FUQHVe4cU5hj+BcUg==",
      "license": "MIT",
      "engines": {
        "node": ">=0.10.0"
      }
    },
    "node_modules/prop-types": {
      "version": "15.8.1",
      "resolved": "https://registry.npmjs.org/prop-types/-/prop-types-15.8.1.tgz",
      "integrity": "sha512-oj87CgZICdulUohogVAR7AjlC0327U4el4L6eAvOqCeudMDVU0NThNaV+b9Df4dXgSP1gXMTnPdhfe/2qDH5cg==",
      "license": "MIT",
      "dependencies": {
        "loose-envify": "^1.4.0",
        "object-assign": "^4.1.1",
        "react-is": "^16.13.1"
      }
    },
    "node_modules/prop-types/node_modules/react-is": {
      "version": "16.13.1",
      "resolved": "https://registry.npmjs.org/react-is/-/react-is-16.13.1.tgz",
      "integrity": "sha512-24e6ynE2H+OKt4kqsOvNd8kBpV65zoxbA4BVsEOB3ARVWQki/DHzaUoC5KuON/BiccDaCCTZBuOcfZs70kR8bQ==",
      "license": "MIT"
    },
    "node_modules/react": {
      "version": "19.2.8",
      "resolved": "https://registry.npmjs.org/react/-/react-19.2.8.tgz",
      "integrity": "sha512-PWaYA1L/q9u2u7xYQi+Y3L3Yfnie7XyLeaJICV1MGD6LprsBxcAqGjYyr0eY3p+QdsA+x/Irkt4Qif8D63+Sbw==",
      "license": "MIT",
      "peer": true,
      "engines": {
        "node": ">=0.10.0"
      }
    },
    "node_modules/react-is": {
      "version": "18.3.1",
      "resolved": "https://registry.npmjs.org/react-is/-/react-is-18.3.1.tgz",
      "integrity": "sha512-/LLMVyas0ljjAtoYiPqYiL8VWXzUUdThrmU5+n20DZv+a+ClRoevUzw5JxU+Ieh5/c87ytoTBV9G1FiKfNJdmg==",
      "license": "MIT"
    },
    "node_modules/require-from-string": {
      "version": "2.0.2",
      "resolved": "https://registry.npmjs.org/require-from-string/-/require-from-string-2.0.2.tgz",
      "integrity": "sha512-Xf0nWe6RseziFMu+Ap9biiUbmplq6S9/p+7w7YXP/JBHhrUDDUhwa+vANyubuqfZWTveU//DYVGsDG7RKL/vEw==",
      "license": "MIT",
      "engines": {
        "node": ">=0.10.0"
      }
    }
  }
}
